
Microsoft Visual Studio Solution File, Format Version 12.00
# Visual Studio Version 16
VisualStudioVersion = 16.0.30413.136
MinimumVisualStudioVersion = 10.0.40219.1
Project("{FAE04EC0-301F-11D3-BF4B-00C04F79EFBC}") = "DHProgramSimulator", "DHSimulatorProgram\DHProgramSimulator.csproj", "{CBE336BF-7AD6-437A-9BA1-7A5A920F98F9}"
EndProject
Project("{FAE04EC0-301F-11D3-BF4B-00C04F79EFBC}") = "DHAssets", "DHAssets\DHAssets.csproj", "{020933FB-664F-4C8C-AECF-7EDACC6DC09D}"
EndProject
Global
	GlobalSection(SolutionConfigurationPlatforms) = preSolution
		Debug|Any CPU = Debug|Any CPU
		Release|Any CPU = Release|Any CPU
	EndGlobalSection
	GlobalSection(ProjectConfigurationPlatforms) = postSolution
		{CBE336BF-7AD6-437A-9BA1-7A5A920F98F9}.Debug|Any CPU.ActiveCfg = Debug|Any CPU
		{CBE336BF-7AD6-437A-9BA1-7A5A920F98F9}.Debug|Any CPU.Build.0 = Debug|Any CPU
		{CBE336BF-7AD6-437A-9BA1-7A5A920F98F9}.Release|Any CPU.ActiveCfg = Release|Any CPU
		{CBE336BF-7AD6-437A-9BA1-7A5A920F98F9}.Release|Any CPU.Build.0 = Release|Any CPU
		{020933FB-664F-4C8C-AECF-7EDACC6DC09D}.Debug|Any CPU.ActiveCfg = Debug|Any CPU
		{020933FB-664F-4C8C-AECF-7EDACC6DC09D}.Debug|Any CPU.Build.0 = Debug|Any CPU
		{020933FB-664F-4C8C-AECF-7EDACC6DC09D}.Release|Any CPU.ActiveCfg = Release|Any CPU
		{020933FB-664F-4C8C-AECF-7EDACC6DC09D}.Release|Any CPU.Build.0 = Release|Any CPU
	EndGlobalSection
	GlobalSection(SolutionProperties) = preSolution
		HideSolutionNode = FALSE
	EndGlobalSection
	GlobalSection(ExtensibilityGlobals) = postSolution
		SolutionGuid = {43F2F1BA-D89B-462B-9374-BE266EA8A28A}
	EndGlobalSection
EndGlobal
